PODS:
  - AWSAutoScaling (2.5.9):
    - AWSCore (= 2.5.9)
  - AWSCloudWatch (2.5.9):
    - AWSCore (= 2.5.9)
  - AWSCognito (2.5.9):
    - AWSCore (= 2.5.9)
  - AWSCognitoIdentityProvider (2.5.9):
    - AWSCore (= 2.5.9)
  - AWSCore (2.5.9)
  - AWSDynamoDB (2.5.9):
    - AWSCore (= 2.5.9)
  - AWSEC2 (2.5.9):
    - AWSCore (= 2.5.9)
  - AWSElasticLoadBalancing (2.5.9):
    - AWSCore (= 2.5.9)
  - AWSIoT (2.5.9):
    - AWSCore (= 2.5.9)
  - AWSKinesis (2.5.9):
    - AWSCore (= 2.5.9)
  - AWSLambda (2.5.9):
    - AWSCore (= 2.5.9)
  - AWSLex (2.5.9):
    - AWSCore (= 2.5.9)
  - AWSMachineLearning (2.5.9):
    - AWSCore (= 2.5.9)
  - AWSMobileAnalytics (2.5.9):
    - AWSCore (= 2.5.9)
  - AWSPinpoint (2.5.9):
    - AWSCore (= 2.5.9)
  - AWSPolly (2.5.9):
    - AWSCore (= 2.5.9)
  - AWSRekognition (2.5.9):
    - AWSCore (= 2.5.9)
  - AWSS3 (2.5.9):
    - AWSCore (= 2.5.9)
  - AWSSES (2.5.9):
    - AWSCore (= 2.5.9)
  - AWSSimpleDB (2.5.9):
    - AWSCore (= 2.5.9)
  - AWSSNS (2.5.9):
    - AWSCore (= 2.5.9)
  - AWSSQS (2.5.9):
    - AWSCore (= 2.5.9)
  - Firebase/Auth (4.0.4):
    - Firebase/Core
    - FirebaseAuth (= 4.0.0)
  - Firebase/Core (4.0.4):
    - FirebaseAnalytics (= 4.0.2)
    - FirebaseCore (= 4.0.4)
  - Firebase/Database (4.0.4):
    - Firebase/Core
    - FirebaseDatabase (= 4.0.0)
  - Firebase/Storage (4.0.4):
    - Firebase/Core
    - FirebaseStorage (= 2.0.0)
  - FirebaseAnalytics (4.0.2):
    - FirebaseCore (~> 4.0)
    - FirebaseInstanceID (~> 2.0)
    - GoogleToolboxForMac/NSData+zlib (~> 2.1)
  - FirebaseAuth (4.0.0):
    - FirebaseAnalytics (~> 4.0)
    - GoogleToolboxForMac/NSDictionary+URLArguments (~> 2.1)
    - GTMSessionFetcher/Core (~> 1.1)
  - FirebaseCore (4.0.4):
    - GoogleToolboxForMac/NSData+zlib (~> 2.1)
    - nanopb (~> 0.3)
  - FirebaseDatabase (4.0.0):
    - FirebaseAnalytics (~> 4.0)
  - FirebaseInstanceID (2.0.0):
    - FirebaseCore (~> 4.0)
  - FirebaseStorage (2.0.0):
    - FirebaseAnalytics (~> 4.0)
    - FirebaseCore (~> 4.0)
    - GTMSessionFetcher/Core (~> 1.1)
  - FirebaseUI/Auth (4.1.1):
    - Firebase/Auth
  - GoogleToolboxForMac/DebugUtils (2.1.1):
    - GoogleToolboxForMac/Defines (= 2.1.1)
  - GoogleToolboxForMac/Defines (2.1.1)
  - GoogleToolboxForMac/NSData+zlib (2.1.1):
    - GoogleToolboxForMac/Defines (= 2.1.1)
  - GoogleToolboxForMac/NSDictionary+URLArguments (2.1.1):
    - GoogleToolboxForMac/DebugUtils (= 2.1.1)
    - GoogleToolboxForMac/Defines (= 2.1.1)
    - GoogleToolboxForMac/NSString+URLArguments (= 2.1.1)
  - GoogleToolboxForMac/NSString+URLArguments (2.1.1)
  - GTMSessionFetcher/Core (1.1.11)
  - Kingfisher (3.10.3)
  - nanopb (0.3.8):
    - nanopb/decode (= 0.3.8)
    - nanopb/encode (= 0.3.8)
  - nanopb/decode (0.3.8)
  - nanopb/encode (0.3.8)

DEPENDENCIES:
  - AWSAutoScaling
  - AWSCloudWatch
  - AWSCognito
  - AWSCognitoIdentityProvider
  - AWSDynamoDB
  - AWSEC2
  - AWSElasticLoadBalancing
  - AWSIoT
  - AWSKinesis
  - AWSLambda
  - AWSLex
  - AWSMachineLearning
  - AWSMobileAnalytics
  - AWSPinpoint
  - AWSPolly
  - AWSRekognition
  - AWSS3
  - AWSSES
  - AWSSimpleDB
  - AWSSNS
  - AWSSQS
  - Firebase/Auth
  - Firebase/Core
  - Firebase/Database
  - Firebase/Storage
  - FirebaseUI/Auth
  - Kingfisher

SPEC CHECKSUMS:
  AWSAutoScaling: f55b3218db16a90a8065597cf23f1003c31d9fa4
  AWSCloudWatch: f453baacca1fda963326f5e5208cefaeb8cb8820
  AWSCognito: 5dfe4120e7f77b2e77396b4532e4aacacc4ae08d
  AWSCognitoIdentityProvider: 4655e97cfbb4347591db74b33e8c89309ca25131
  AWSCore: c71840dd51f271dc0af8de8fd6f352767ebde8b4
  AWSDynamoDB: 5817c47852d1548645d9eb23f809d57d763975f9
  AWSEC2: 0e7021d093914ca0d421e8829cf262975467f791
  AWSElasticLoadBalancing: 998618407dd3108ee84c087ebd401fb4418f5006
  AWSIoT: c10cee06f05eab49aa429d332cb5ba5ddbaf7d65
  AWSKinesis: 55631b3f235d363afbe172a08862f13ce3f9b929
  AWSLambda: 6f0b58a4258b643382a3d9170686768cf90ba56a
  AWSLex: fb29e16c3f4b2c3dab261983d80d24701ac94a40
  AWSMachineLearning: 5042a87766b76188594e7ccbabdf676c8785ce65
  AWSMobileAnalytics: cd23e8c06cc58c42e3326512ce682abbff3345c2
  AWSPinpoint: 2ab08b9eaeb77e3cb2d134908bd5706cff465d4f
  AWSPolly: a2b4010bf729441daf3cf877d9813087bc0f2433
  AWSRekognition: 3d3e9e0b69c75fd33eda36fa6c9d9e317e69eb4d
  AWSS3: c36b91edb50ccd676be4a92836bb72f0c2ac312b
  AWSSES: 1125079ce6b943a094c92f00a7e8406672da0ac2
  AWSSimpleDB: b4634cb259b106aa73f63435c6991428fea461f1
  AWSSNS: 158640bc69947f179eff6ac96a9ab9d4893675c1
  AWSSQS: eaec6df70bd4112d88b8fae0d8c5987b1fd471a3
  Firebase: 1492bf04e1b73a7353b4fb2cf5a20bac9692f341
  FirebaseAnalytics: ad41720e3e67fc63fbe3d2948d3e26932a8de311
  FirebaseAuth: ebb6abcbabae00fc47446d690c19ce68d8484fde
  FirebaseCore: cfc042628ef9f20debe09c0eb683135fcd404cb4
  FirebaseDatabase: d829b3a8c3e2ac7a16773c5df226966b0805dfc2
  FirebaseInstanceID: 9fbf536668f4d3f0880e7438456dabd1376e294b
  FirebaseStorage: 8110a1ed2034c8fbfd83890d2acc9cdbbd99afec
  FirebaseUI: 5ebebe2c096c71f20abd1d43d0388958373bdaa0
  GoogleToolboxForMac: 8e329f1b599f2512c6b10676d45736bcc2cbbeb0
  GTMSessionFetcher: 5ad62e8200fa00ed011fe5e08d27fef72c5b1429
  Kingfisher: a0ac82dc5bcf0388dd74b294cf2cc13730c63436
  nanopb: 22bc080fa3955e2116b6ff3ee6c2cb3c15ab97cb

PODFILE CHECKSUM: 1aca2e3d0e40346828a743c78c9bab651ad72728

COCOAPODS: 1.2.1
